
Microsoft Visual Studio Solution File, Format Version 12.00
# Visual Studio Version 16
VisualStudioVersion = 16.0.29001.49
MinimumVisualStudioVersion = 10.0.40219.1
Project("{FAE04EC0-301F-11D3-BF4B-00C04F79EFBC}") = "AboMag", "AboMag\AboMag.csproj", "{FCF8A6B9-A161-419D-A365-C4436460B37F}"
EndProject
Global
	GlobalSection(SolutionConfigurationPlatforms) = preSolution
		Debug|Any CPU = Debug|Any CPU
		Release|Any CPU = Release|Any CPU
	EndGlobalSection
	GlobalSection(ProjectConfigurationPlatforms) = postSolution
		{FCF8A6B9-A161-419D-A365-C4436460B37F}.Debug|Any CPU.ActiveCfg = Debug|Any CPU
		{FCF8A6B9-A161-419D-A365-C4436460B37F}.Debug|Any CPU.Build.0 = Debug|Any CPU
		{FCF8A6B9-A161-419D-A365-C4436460B37F}.Release|Any CPU.ActiveCfg = Release|Any CPU
		{FCF8A6B9-A161-419D-A365-C4436460B37F}.Release|Any CPU.Build.0 = Release|Any CPU
	EndGlobalSection
	GlobalSection(SolutionProperties) = preSolution
		HideSolutionNode = FALSE
	EndGlobalSection
	GlobalSection(ExtensibilityGlobals) = postSolution
		SolutionGuid = {2087EF03-5F6E-443F-AA7F-D3C2B4D825B6}
	EndGlobalSection
EndGlobal
